<Solution>
  <Folder Name="/Services/" />
  <Folder Name="/Services/AiAnalysisService/">
    <Project Path="Services/AiAnalysisService/AiAnalysisService.csproj" />
    <Project Path="Services/AiAnalysisService/Tests/AiAnalysisService.Tests.csproj" />
  </Folder>
  <Folder Name="/Services/ConversionService/">
    <Project Path="Services/ConversionService/ConversionService.csproj" />
    <Project Path="Services/ConversionService/Tests/ConversionService.Tests.csproj" />
  </Folder>
  <Folder Name="/Services/DashboardService/">
    <Project Path="Services/DashboardService/DashboardService.csproj" />
    <Project Path="Services/DashboardService/Tests/DashboardService.Tests.csproj" />
  </Folder>
  <Folder Name="/Services/DataSourceService/">
    <Project Path="Services/DataSourceService/DataSourceService.csproj" />
    <Project Path="Services/DataSourceService/Tests/DataSourceService.Tests.csproj" />
  </Folder>
  <Folder Name="/Services/DocumentService/">
    <Project Path="Services/DocumentService/DocumentService.csproj" />
    <Project Path="Services/DocumentService/Tests/DocumentService.Tests.csproj" />
  </Folder>
  <Folder Name="/Services/FeedbackService/">
    <Project Path="Services/FeedbackService/FeedbackService.csproj" />
    <Project Path="Services/FeedbackService/Tests/FeedbackService.Tests.csproj" />
  </Folder>
  <Folder Name="/Services/GraphService/">
    <Project Path="Services/GraphService/GraphService.csproj" />
    <Project Path="Services/GraphService/Tests/GraphService.Tests.csproj" />
  </Folder>
  <Folder Name="/Services/IngestionService/">
    <Project Path="Services/IngestionService/IngestionService.csproj" />
    <Project Path="Services/IngestionService/Tests/IngestionService.Tests.csproj" />
  </Folder>
  <Folder Name="/Services/RetrievalService/">
    <Project Path="Services/RetrievalService/RetrievalService.csproj" />
    <Project Path="Services/RetrievalService/Tests/RetrievalService.Tests.csproj" />
  </Folder>
  <Folder Name="/Services/WikiService/">
    <Project Path="Services/WikiService/WikiService.csproj" />
    <Project Path="Services/WikiService/Tests/WikiService.Tests.csproj" />
  </Folder>
  <Folder Name="/Shared/">
    <Project Path="Shared/Knowledge.Contracts/Knowledge.Contracts.csproj" />
    <Project Path="Shared/Knowledge.Contracts.Tests/Knowledge.Contracts.Tests.csproj" />
  </Folder>
  <Folder Name="/Bff/">
    <Project Path="Bff/Knowledge.Bff.Endpoints/Knowledge.Bff.Endpoints.csproj" />
  </Folder>
  <Folder Name="/Tests/">
    <Project Path="Tests/Knowledge.IntegrationTests/Knowledge.IntegrationTests.csproj" />
  </Folder>
</Solution>
