<Solution>
  <Folder Name="/Services/" />
  <Folder Name="/Services/AiAnalysisService/" />
  <Folder Name="/Services/AiAnalysisService/src/">
    <Project Path="Services/AiAnalysisService/src/AiAnalysisService.Api/AiAnalysisService.Api.csproj" />
    <Project Path="Services/AiAnalysisService/src/AiAnalysisService.Application/AiAnalysisService.Application.csproj" />
    <Project Path="Services/AiAnalysisService/src/AiAnalysisService.Contracts/AiAnalysisService.Contracts.csproj" />
    <Project Path="Services/AiAnalysisService/src/AiAnalysisService.Domain/AiAnalysisService.Domain.csproj" />
    <Project Path="Services/AiAnalysisService/src/AiAnalysisService.Infrastructure/AiAnalysisService.Infrastructure.csproj" />
  </Folder>
  <Folder Name="/Services/AiAnalysisService/tests/">
    <Project Path="Services/AiAnalysisService/tests/AiAnalysisService.Api.Tests/AiAnalysisService.Api.Tests.csproj" />
  </Folder>
  <Folder Name="/Services/ConversionService/" />
  <Folder Name="/Services/ConversionService/src/">
    <Project Path="Services/ConversionService/src/ConversionService.Worker/ConversionService.Worker.csproj" />
    <Project Path="Services/ConversionService/src/ConversionService.Application/ConversionService.Application.csproj" />
    <Project Path="Services/ConversionService/src/ConversionService.Contracts/ConversionService.Contracts.csproj" />
    <Project Path="Services/ConversionService/src/ConversionService.Domain/ConversionService.Domain.csproj" />
    <Project Path="Services/ConversionService/src/ConversionService.Infrastructure/ConversionService.Infrastructure.csproj" />
  </Folder>
  <Folder Name="/Services/ConversionService/tests/">
    <Project Path="Services/ConversionService/tests/ConversionService.Worker.Tests/ConversionService.Worker.Tests.csproj" />
  </Folder>
  <Folder Name="/Services/DashboardService/" />
  <Folder Name="/Services/DashboardService/src/">
    <Project Path="Services/DashboardService/src/DashboardService.Api/DashboardService.Api.csproj" />
    <Project Path="Services/DashboardService/src/DashboardService.Application/DashboardService.Application.csproj" />
    <Project Path="Services/DashboardService/src/DashboardService.Contracts/DashboardService.Contracts.csproj" />
    <Project Path="Services/DashboardService/src/DashboardService.Domain/DashboardService.Domain.csproj" />
    <Project Path="Services/DashboardService/src/DashboardService.Infrastructure/DashboardService.Infrastructure.csproj" />
  </Folder>
  <Folder Name="/Services/DashboardService/tests/">
    <Project Path="Services/DashboardService/tests/DashboardService.Api.Tests/DashboardService.Api.Tests.csproj" />
  </Folder>
  <Folder Name="/Services/DataSourceService/" />
  <Folder Name="/Services/DataSourceService/src/">
    <Project Path="Services/DataSourceService/src/DataSourceService.Api/DataSourceService.Api.csproj" />
    <Project Path="Services/DataSourceService/src/DataSourceService.Application/DataSourceService.Application.csproj" />
    <Project Path="Services/DataSourceService/src/DataSourceService.Contracts/DataSourceService.Contracts.csproj" />
    <Project Path="Services/DataSourceService/src/DataSourceService.Domain/DataSourceService.Domain.csproj" />
    <Project Path="Services/DataSourceService/src/DataSourceService.Infrastructure/DataSourceService.Infrastructure.csproj" />
  </Folder>
  <Folder Name="/Services/DataSourceService/tests/">
    <Project Path="Services/DataSourceService/tests/DataSourceService.Api.Tests/DataSourceService.Api.Tests.csproj" />
  </Folder>
  <Folder Name="/Services/DocumentService/" />
  <Folder Name="/Services/DocumentService/src/">
    <Project Path="Services/DocumentService/src/DocumentService.Api/DocumentService.Api.csproj" />
    <Project Path="Services/DocumentService/src/DocumentService.Application/DocumentService.Application.csproj" />
    <Project Path="Services/DocumentService/src/DocumentService.Contracts/DocumentService.Contracts.csproj" />
    <Project Path="Services/DocumentService/src/DocumentService.Domain/DocumentService.Domain.csproj" />
    <Project Path="Services/DocumentService/src/DocumentService.Infrastructure/DocumentService.Infrastructure.csproj" />
  </Folder>
  <Folder Name="/Services/DocumentService/tests/">
    <Project Path="Services/DocumentService/tests/DocumentService.Api.Tests/DocumentService.Api.Tests.csproj" />
  </Folder>
  <Folder Name="/Services/FeedbackService/" />
  <Folder Name="/Services/FeedbackService/src/">
    <Project Path="Services/FeedbackService/src/FeedbackService.Api/FeedbackService.Api.csproj" />
    <Project Path="Services/FeedbackService/src/FeedbackService.Application/FeedbackService.Application.csproj" />
    <Project Path="Services/FeedbackService/src/FeedbackService.Contracts/FeedbackService.Contracts.csproj" />
    <Project Path="Services/FeedbackService/src/FeedbackService.Domain/FeedbackService.Domain.csproj" />
    <Project Path="Services/FeedbackService/src/FeedbackService.Infrastructure/FeedbackService.Infrastructure.csproj" />
  </Folder>
  <Folder Name="/Services/FeedbackService/tests/">
    <Project Path="Services/FeedbackService/tests/FeedbackService.Api.Tests/FeedbackService.Api.Tests.csproj" />
  </Folder>
  <Folder Name="/Services/GraphService/" />
  <Folder Name="/Services/GraphService/src/">
    <Project Path="Services/GraphService/src/GraphService.Api/GraphService.Api.csproj" />
    <Project Path="Services/GraphService/src/GraphService.Application/GraphService.Application.csproj" />
    <Project Path="Services/GraphService/src/GraphService.Contracts/GraphService.Contracts.csproj" />
    <Project Path="Services/GraphService/src/GraphService.Domain/GraphService.Domain.csproj" />
    <Project Path="Services/GraphService/src/GraphService.Infrastructure/GraphService.Infrastructure.csproj" />
  </Folder>
  <Folder Name="/Services/GraphService/tests/">
    <Project Path="Services/GraphService/tests/GraphService.Api.Tests/GraphService.Api.Tests.csproj" />
  </Folder>
  <Folder Name="/Services/IngestionService/" />
  <Folder Name="/Services/IngestionService/src/">
    <Project Path="Services/IngestionService/src/IngestionService.Worker/IngestionService.Worker.csproj" />
    <Project Path="Services/IngestionService/src/IngestionService.Application/IngestionService.Application.csproj" />
    <Project Path="Services/IngestionService/src/IngestionService.Contracts/IngestionService.Contracts.csproj" />
    <Project Path="Services/IngestionService/src/IngestionService.Domain/IngestionService.Domain.csproj" />
    <Project Path="Services/IngestionService/src/IngestionService.Infrastructure/IngestionService.Infrastructure.csproj" />
  </Folder>
  <Folder Name="/Services/IngestionService/tests/">
    <Project Path="Services/IngestionService/tests/IngestionService.Worker.Tests/IngestionService.Worker.Tests.csproj" />
  </Folder>
  <Folder Name="/Services/RetrievalService/" />
  <Folder Name="/Services/RetrievalService/src/">
    <Project Path="Services/RetrievalService/src/RetrievalService.Api/RetrievalService.Api.csproj" />
    <Project Path="Services/RetrievalService/src/RetrievalService.Application/RetrievalService.Application.csproj" />
    <Project Path="Services/RetrievalService/src/RetrievalService.Contracts/RetrievalService.Contracts.csproj" />
    <Project Path="Services/RetrievalService/src/RetrievalService.Domain/RetrievalService.Domain.csproj" />
    <Project Path="Services/RetrievalService/src/RetrievalService.Infrastructure/RetrievalService.Infrastructure.csproj" />
  </Folder>
  <Folder Name="/Services/RetrievalService/tests/">
    <Project Path="Services/RetrievalService/tests/RetrievalService.Api.Tests/RetrievalService.Api.Tests.csproj" />
  </Folder>
  <Folder Name="/Services/WikiService/" />
  <Folder Name="/Services/WikiService/src/">
    <Project Path="Services/WikiService/src/WikiService.Api/WikiService.Api.csproj" />
    <Project Path="Services/WikiService/src/WikiService.Application/WikiService.Application.csproj" />
    <Project Path="Services/WikiService/src/WikiService.Contracts/WikiService.Contracts.csproj" />
    <Project Path="Services/WikiService/src/WikiService.Domain/WikiService.Domain.csproj" />
    <Project Path="Services/WikiService/src/WikiService.Infrastructure/WikiService.Infrastructure.csproj" />
  </Folder>
  <Folder Name="/Services/WikiService/tests/">
    <Project Path="Services/WikiService/tests/WikiService.Api.Tests/WikiService.Api.Tests.csproj" />
  </Folder>
  <Folder Name="/Shared/">
    <Project Path="Shared/Knowledge.Contracts/Knowledge.Contracts.csproj" />
    <Project Path="Shared/Knowledge.Contracts.Tests/Knowledge.Contracts.Tests.csproj" />
  </Folder>
  <Folder Name="/Bff/">
    <Project Path="Bff/Knowledge.Bff.Endpoints/Knowledge.Bff.Endpoints.csproj" />
  </Folder>
  <Folder Name="/Tests/">
    <Project Path="Tests/Knowledge.IntegrationTests/Knowledge.IntegrationTests.csproj" />
  </Folder>
</Solution>
