<Solution>
  <Folder Name="/Bff/">
    <Project Path="src/Bff/KnowledgePlatform.Bff.Tests/KnowledgePlatform.Bff.Tests.csproj" />
    <Project Path="src/Bff/KnowledgePlatform.Bff/KnowledgePlatform.Bff.csproj" />
  </Folder>
  <Folder Name="/Services/" />
  <Folder Name="/Services/AiAnalysisService/" />
  <Folder Name="/Services/AiAnalysisService/src/">
    <Project Path="src/Services/AiAnalysisService/src/AiAnalysisService.Api/AiAnalysisService.Api.csproj" />
  </Folder>
  <Folder Name="/Services/AiAnalysisService/tests/">
    <Project Path="src/Services/AiAnalysisService/tests/AiAnalysisService.Api.Tests/AiAnalysisService.Api.Tests.csproj" />
  </Folder>
  <Folder Name="/Services/AuthorizationService/" />
  <Folder Name="/Services/AuthorizationService/src/">
    <Project Path="src/Services/AuthorizationService/src/AuthorizationService.Api/AuthorizationService.Api.csproj" />
  </Folder>
  <Folder Name="/Services/AuthorizationService/tests/">
    <Project Path="src/Services/AuthorizationService/tests/AuthorizationService.Api.Tests/AuthorizationService.Api.Tests.csproj" />
  </Folder>
  <Folder Name="/Services/ConversionService/" />
  <Folder Name="/Services/ConversionService/src/">
    <Project Path="src/Services/ConversionService/src/ConversionService.Worker/ConversionService.Worker.csproj" />
  </Folder>
  <Folder Name="/Services/ConversionService/tests/">
    <Project Path="src/Services/ConversionService/tests/ConversionService.Worker.Tests/ConversionService.Worker.Tests.csproj" />
  </Folder>
  <Folder Name="/Services/DataSourceService/" />
  <Folder Name="/Services/DataSourceService/src/">
    <Project Path="src/Services/DataSourceService/src/DataSourceService.Api/DataSourceService.Api.csproj" />
  </Folder>
  <Folder Name="/Services/DataSourceService/tests/">
    <Project Path="src/Services/DataSourceService/tests/DataSourceService.Api.Tests/DataSourceService.Api.Tests.csproj" />
  </Folder>
  <Folder Name="/Services/DocumentService/" />
  <Folder Name="/Services/DocumentService/src/">
    <Project Path="src/Services/DocumentService/src/DocumentService.Api/DocumentService.Api.csproj" />
  </Folder>
  <Folder Name="/Services/DocumentService/tests/">
    <Project Path="src/Services/DocumentService/tests/DocumentService.Api.Tests/DocumentService.Api.Tests.csproj" />
  </Folder>
  <Folder Name="/Services/IngestionService/" />
  <Folder Name="/Services/IngestionService/src/">
    <Project Path="src/Services/IngestionService/src/IngestionService.Worker/IngestionService.Worker.csproj" />
  </Folder>
  <Folder Name="/Services/IngestionService/tests/">
    <Project Path="src/Services/IngestionService/tests/IngestionService.Worker.Tests/IngestionService.Worker.Tests.csproj" />
  </Folder>
  <Folder Name="/Services/LlmGateway/" />
  <Folder Name="/Services/LlmGateway/src/">
    <Project Path="src/Services/LlmGateway/src/LlmGateway.Api/LlmGateway.Api.csproj" />
  </Folder>
  <Folder Name="/Services/LlmGateway/tests/">
    <Project Path="src/Services/LlmGateway/tests/LlmGateway.Api.Tests/LlmGateway.Api.Tests.csproj" />
  </Folder>
  <Folder Name="/Services/RetrievalService/" />
  <Folder Name="/Services/RetrievalService/src/">
    <Project Path="src/Services/RetrievalService/src/RetrievalService.Api/RetrievalService.Api.csproj" />
  </Folder>
  <Folder Name="/Services/RetrievalService/tests/">
    <Project Path="src/Services/RetrievalService/tests/RetrievalService.Api.Tests/RetrievalService.Api.Tests.csproj" />
  </Folder>
  <Folder Name="/Services/WikiService/" />
  <Folder Name="/Services/WikiService/src/">
    <Project Path="src/Services/WikiService/src/WikiService.Api/WikiService.Api.csproj" />
  </Folder>
  <Folder Name="/Services/WikiService/tests/">
    <Project Path="src/Services/WikiService/tests/WikiService.Api.Tests/WikiService.Api.Tests.csproj" />
  </Folder>
  <Folder Name="/Services/FeedbackService/" />
  <Folder Name="/Services/FeedbackService/src/">
    <Project Path="src/Services/FeedbackService/src/FeedbackService.Api/FeedbackService.Api.csproj" />
  </Folder>
  <Folder Name="/Services/FeedbackService/tests/">
    <Project Path="src/Services/FeedbackService/tests/FeedbackService.Api.Tests/FeedbackService.Api.Tests.csproj" />
  </Folder>
  <Folder Name="/Shared/">
    <Project Path="src/Shared/KnowledgePlatform.Shared.Contracts/KnowledgePlatform.Shared.Contracts.csproj" />
    <Project Path="src/Shared/KnowledgePlatform.Shared.Infrastructure/KnowledgePlatform.Shared.Infrastructure.csproj" />
  </Folder>
  <Folder Name="/Tests/">
    <Project Path="src/Tests/KnowledgePlatform.IntegrationTests/KnowledgePlatform.IntegrationTests.csproj" />
  </Folder>
</Solution>
