<Solution>
  <Folder Name="/Bff/">
    <Project Path="Bff/Platform.Bff.Tests/Platform.Bff.Tests.csproj" />
    <Project Path="Bff/Platform.Bff/Platform.Bff.csproj" />
  </Folder>
  <Folder Name="/Services/" />
  <Folder Name="/Services/AuthorizationService/">
    <Project Path="Services/AuthorizationService/AuthorizationService.csproj" />
    <Project Path="Services/AuthorizationService/Tests/AuthorizationService.Tests.csproj" />
  </Folder>
  <Folder Name="/Services/NotificationService/">
    <Project Path="Services/NotificationService/NotificationService.csproj" />
    <Project Path="Services/NotificationService/Tests/NotificationService.Tests.csproj" />
  </Folder>
  <Folder Name="/Services/McpServer/">
    <Project Path="Services/McpServer/McpServer.csproj" />
    <Project Path="Services/McpServer/Tests/McpServer.Tests.csproj" />
  </Folder>
  <Folder Name="/Services/LlmGateway/">
    <Project Path="Services/LlmGateway/LlmGateway.csproj" />
    <Project Path="Services/LlmGateway/Tests/LlmGateway.Tests.csproj" />
  </Folder>
  <Folder Name="/Shared/">
    <Project Path="Shared/Platform.Shared.Contracts/Platform.Shared.Contracts.csproj" />
    <Project Path="Shared/Platform.Shared.Infrastructure/Platform.Shared.Infrastructure.csproj" />
    <Project Path="Shared/Platform.Shared.Infrastructure.Tests/Platform.Shared.Infrastructure.Tests.csproj" />
    <Project Path="Shared/Platform.Shared.Kernel/Platform.Shared.Kernel.csproj" />
    <Project Path="Shared/Platform.Shared.Kernel.Tests/Platform.Shared.Kernel.Tests.csproj" />
  </Folder>
</Solution>
