<Solution>
  <Folder Name="/Bff/">
    <Project Path="Bff/Platform.Bff.Tests/Platform.Bff.Tests.csproj" />
    <Project Path="Bff/Platform.Bff/Platform.Bff.csproj" />
  </Folder>
  <Folder Name="/Services/" />
  <Folder Name="/Services/AuthorizationService/" />
  <Folder Name="/Services/AuthorizationService/src/">
    <Project Path="Services/AuthorizationService/src/AuthorizationService.Api/AuthorizationService.Api.csproj" />
  </Folder>
  <Folder Name="/Services/AuthorizationService/tests/">
    <Project Path="Services/AuthorizationService/tests/AuthorizationService.Api.Tests/AuthorizationService.Api.Tests.csproj" />
  </Folder>
  <Folder Name="/Services/NotificationService/" />
  <Folder Name="/Services/NotificationService/src/">
    <Project Path="Services/NotificationService/src/NotificationService.Api/NotificationService.Api.csproj" />
  </Folder>
  <Folder Name="/Services/NotificationService/tests/">
    <Project Path="Services/NotificationService/tests/NotificationService.Api.Tests/NotificationService.Api.Tests.csproj" />
  </Folder>
  <Folder Name="/Services/LlmGateway/" />
  <Folder Name="/Services/LlmGateway/src/">
    <Project Path="Services/LlmGateway/src/LlmGateway.Api/LlmGateway.Api.csproj" />
  </Folder>
  <Folder Name="/Services/LlmGateway/tests/">
    <Project Path="Services/LlmGateway/tests/LlmGateway.Api.Tests/LlmGateway.Api.Tests.csproj" />
  </Folder>
  <Folder Name="/Shared/">
    <Project Path="Shared/Platform.Shared.Contracts/Platform.Shared.Contracts.csproj" />
    <Project Path="Shared/Platform.Shared.Infrastructure/Platform.Shared.Infrastructure.csproj" />
    <Project Path="Shared/Platform.Shared.Infrastructure.Tests/Platform.Shared.Infrastructure.Tests.csproj" />
    <Project Path="Shared/Platform.Shared.Kernel/Platform.Shared.Kernel.csproj" />
    <Project Path="Shared/Platform.Shared.Kernel.Tests/Platform.Shared.Kernel.Tests.csproj" />
  </Folder>
</Solution>
