<Solution>
  <!-- 追加可変機能ユニットの集約ソリューション（配置時は src/<unit>/backend/backend.slnx）。
       CI（ci.yml）は src/*/backend/backend.slnx を自動発見して restore/build/test/format する（IADR-0060）。
       この glob は templates/ に当たらないため、本雛形そのものは ci.yml の template-backend-build
       ジョブが配置後の位置へ複製して build / test する（#830。テンプレート位置のままではビルド
       できない —— platform Shared への相対参照が配置後を前提にしているため）。
       プロジェクト構成は**サービス = 単一プロジェクト＋ Features / Domain / Infrastructure / Common の
       フォルダ標準**（IADR-0282。オーナー裁定 2026-08-28。従前の 8 要素プロジェクト分割
       （Api / Application / Domain / Infrastructure / Contracts）は撤回された）。
       詳細は Services/SampleService/README.md を参照。 -->
  <Folder Name="/Services/SampleService/">
    <Project Path="Services/SampleService/SampleService.csproj" />
    <Project Path="Services/SampleService/Tests/SampleService.Tests.csproj" />
  </Folder>
</Solution>
